
Microsoft Visual Studio Solution File, Format Version 12.00
# Visual Studio 15
Project("{FAE04EC0-301F-11D3-BF4B-00C04F79EFBC}") = "GameAssembly", "GameAssembly.csproj", "{A381780B-3837-1576-1CFF-11E101039951}"
EndProject
Project("{FAE04EC0-301F-11D3-BF4B-00C04F79EFBC}") = "Tests", "Tests.csproj", "{02BA198C-FE91-6186-A109-921F016B0059}"
EndProject
Global
	GlobalSection(SolutionConfigurationPlatforms) = preSolution
		Debug|Any CPU = Debug|Any CPU
		Release|Any CPU = Release|Any CPU
	EndGlobalSection
	GlobalSection(ProjectConfigurationPlatforms) = postSolution
		{A381780B-3837-1576-1CFF-11E101039951}.Debug|Any CPU.ActiveCfg = Debug|Any CPU
		{A381780B-3837-1576-1CFF-11E101039951}.Debug|Any CPU.Build.0 = Debug|Any CPU
		{A381780B-3837-1576-1CFF-11E101039951}.Release|Any CPU.ActiveCfg = Release|Any CPU
		{A381780B-3837-1576-1CFF-11E101039951}.Release|Any CPU.Build.0 = Release|Any CPU
		{02BA198C-FE91-6186-A109-921F016B0059}.Debug|Any CPU.ActiveCfg = Debug|Any CPU
		{02BA198C-FE91-6186-A109-921F016B0059}.Debug|Any CPU.Build.0 = Debug|Any CPU
		{02BA198C-FE91-6186-A109-921F016B0059}.Release|Any CPU.ActiveCfg = Release|Any CPU
		{02BA198C-FE91-6186-A109-921F016B0059}.Release|Any CPU.Build.0 = Release|Any CPU
	EndGlobalSection
	GlobalSection(SolutionProperties) = preSolution
		HideSolutionNode = FALSE
	EndGlobalSection
EndGlobal
